[[package]]
name = "sched"
version = "0.1.0"
dependencies = [
 "spinlock 0.2.0 (git+https://github.com/x37v/rust-spinlock-mutex?branch=develop)",
 "xnor_llist 0.1.0 (git+https://github.com/x37v/rust-llist?branch=develop)",
]

[[package]]
name = "sched-midi"
version = "0.1.0"
dependencies = [
 "sched 0.1.0",
]

[[package]]
name = "spinlock"
version = "0.2.0"
source = "git+https://github.com/x37v/rust-spinlock-mutex?branch=develop#82e572bcb9835658dbac78948618572ed492e11d"

[[package]]
name = "xnor_llist"
version = "0.1.0"
source = "git+https://github.com/x37v/rust-llist?branch=develop#e2eaaccd6467f9ca4b0546bd623cacd513f42316"

[metadata]
"checksum spinlock 0.2.0 (git+https://github.com/x37v/rust-spinlock-mutex?branch=develop)" = "<none>"
"checksum xnor_llist 0.1.0 (git+https://github.com/x37v/rust-llist?branch=develop)" = "<none>"
